
Microsoft Visual Studio Solution File, Format Version 12.00
# Visual Studio Version 17
VisualStudioVersion = 17.8.34330.188
MinimumVisualStudioVersion = 10.0.40219.1
Project("{FAE04EC0-301F-11D3-BF4B-00C04F79EFBC}") = "Dec14Console", "Dec14Console\Dec14Console.csproj", "{0019785B-1AE3-4C4A-A7EB-2ADFAF1C2856}"
EndProject
Global
	GlobalSection(SolutionConfigurationPlatforms) = preSolution
		Debug|Any CPU = Debug|Any CPU
		Release|Any CPU = Release|Any CPU
	EndGlobalSection
	GlobalSection(ProjectConfigurationPlatforms) = postSolution
		{0019785B-1AE3-4C4A-A7EB-2ADFAF1C2856}.Debug|Any CPU.ActiveCfg = Debug|Any CPU
		{0019785B-1AE3-4C4A-A7EB-2ADFAF1C2856}.Debug|Any CPU.Build.0 = Debug|Any CPU
		{0019785B-1AE3-4C4A-A7EB-2ADFAF1C2856}.Release|Any CPU.ActiveCfg = Release|Any CPU
		{0019785B-1AE3-4C4A-A7EB-2ADFAF1C2856}.Release|Any CPU.Build.0 = Release|Any CPU
	EndGlobalSection
	GlobalSection(SolutionProperties) = preSolution
		HideSolutionNode = FALSE
	EndGlobalSection
	GlobalSection(ExtensibilityGlobals) = postSolution
		SolutionGuid = {AC062577-16B9-4E86-B98C-595CB60990A2}
	EndGlobalSection
EndGlobal
