
Microsoft Visual Studio Solution File, Format Version 12.00
# Visual Studio Version 17
VisualStudioVersion = 17.8.34330.188
MinimumVisualStudioVersion = 10.0.40219.1
Project("{FAE04EC0-301F-11D3-BF4B-00C04F79EFBC}") = "ValueRefOutTypes", "ValueRefOutTypes\ValueRefOutTypes.csproj", "{AB9F0105-CFF9-42EE-B064-032BF81FD7FD}"
EndProject
Global
	GlobalSection(SolutionConfigurationPlatforms) = preSolution
		Debug|Any CPU = Debug|Any CPU
		Release|Any CPU = Release|Any CPU
	EndGlobalSection
	GlobalSection(ProjectConfigurationPlatforms) = postSolution
		{AB9F0105-CFF9-42EE-B064-032BF81FD7FD}.Debug|Any CPU.ActiveCfg = Debug|Any CPU
		{AB9F0105-CFF9-42EE-B064-032BF81FD7FD}.Debug|Any CPU.Build.0 = Debug|Any CPU
		{AB9F0105-CFF9-42EE-B064-032BF81FD7FD}.Release|Any CPU.ActiveCfg = Release|Any CPU
		{AB9F0105-CFF9-42EE-B064-032BF81FD7FD}.Release|Any CPU.Build.0 = Release|Any CPU
	EndGlobalSection
	GlobalSection(SolutionProperties) = preSolution
		HideSolutionNode = FALSE
	EndGlobalSection
	GlobalSection(ExtensibilityGlobals) = postSolution
		SolutionGuid = {5589EB3B-CCCC-4294-A7F2-E6FD24180D32}
	EndGlobalSection
EndGlobal
